// !$*UTF8*$!
{
	archiveVersion = 1;
	classes = {
	};
	objectVersion = 56;
	objects = {

/* Begin PBXBuildFile section */
		F28BCCDE2B0AA051003E750C /* todoapp3App.swift in Sources */ = {isa = PBXBuildFile; fileRef = F28BCCDD2B0AA051003E750C /* todoapp3App.swift */; };
		F28BCCE02B0AA051003E750C /* ContentView.swift in Sources */ = {isa = PBXBuildFile; fileRef = F28BCCDF2B0AA051003E750C /* ContentView.swift */; };
		F28BCCE22B0AA053003E750C /* Assets.xcassets in Resources */ = {isa = PBXBuildFile; fileRef = F28BCCE12B0AA053003E750C /* Assets.xcassets */; };
		F28BCCE52B0AA053003E750C /* Preview Assets.xcassets in Resources */ = {isa = PBXBuildFile; fileRef = F28BCCE42B0AA053003E750C /* Preview Assets.xcassets */; };
		F28BCCEE2B0AA286003E750C /* AddTaskView.swift in Sources */ = {isa = PBXBuildFile; fileRef = F28BCCED2B0AA286003E750C /* AddTaskView.swift */; };
		F28BCCF02B0AA293003E750C /* TasksView.swift in Sources */ = {isa = PBXBuildFile; fileRef = F28BCCEF2B0AA293003E750C /* TasksView.swift */; };
		F28BCCF22B0AA2DC003E750C /* SmallAddButton.swift in Sources */ = {isa = PBXBuildFile; fileRef = F28BCCF12B0AA2DC003E750C /* SmallAddButton.swift */; };
		F28BCCF42B0AA2F6003E750C /* TaskRow.swift in Sources */ = {isa = PBXBuildFile; fileRef = F28BCCF32B0AA2F6003E750C /* TaskRow.swift */; };
		F28BCCF62B0AA372003E750C /* Extensions.swift in Sources */ = {isa = PBXBuildFile; fileRef = F28BCCF52B0AA372003E750C /* Extensions.swift */; };
		F28BCCF82B0AA381003E750C /* RealmManager.swift in Sources */ = {isa = PBXBuildFile; fileRef = F28BCCF72B0AA381003E750C /* RealmManager.swift */; };
		F28BCCFA2B0AA393003E750C /* Task.swift in Sources */ = {isa = PBXBuildFile; fileRef = F28BCCF92B0AA393003E750C /* Task.swift */; };
		F28BCCFD2B0AA3B3003E750C /* Realm in Frameworks */ = {isa = PBXBuildFile; productRef = F28BCCFC2B0AA3B3003E750C /* Realm */; };
		F28BCCFF2B0AA3B3003E750C /* RealmSwift in Frameworks */ = {isa = PBXBuildFile; productRef = F28BCCFE2B0AA3B3003E750C /* RealmSwift */; };
/* End PBXBuildFile section */

/* Begin PBXFileReference section */
		F28BCCDA2B0AA051003E750C /* todoapp3.app */ = {isa = PBXFileReference; explicitFileType = wrapper.application; includeInIndex = 0; path = todoapp3.app; sourceTree = BUILT_PRODUCTS_DIR; };
		F28BCCDD2B0AA051003E750C /* todoapp3App.swift */ = {isa = PBXFileReference; lastKnownFileType = sourcecode.swift; path = todoapp3App.swift; sourceTree = "<group>"; };
		F28BCCDF2B0AA051003E750C /* ContentView.swift */ = {isa = PBXFileReference; lastKnownFileType = sourcecode.swift; path = ContentView.swift; sourceTree = "<group>"; };
		F28BCCE12B0AA053003E750C /* Assets.xcassets */ = {isa = PBXFileReference; lastKnownFileType = folder.assetcatalog; path = Assets.xcassets; sourceTree = "<group>"; };
		F28BCCE42B0AA053003E750C /* Preview Assets.xcassets */ = {isa = PBXFileReference; lastKnownFileType = folder.assetcatalog; path = "Preview Assets.xcassets"; sourceTree = "<group>"; };
		F28BCCED2B0AA286003E750C /* AddTaskView.swift */ = {isa = PBXFileReference; lastKnownFileType = sourcecode.swift; path = AddTaskView.swift; sourceTree = "<group>"; };
		F28BCCEF2B0AA293003E750C /* TasksView.swift */ = {isa = PBXFileReference; lastKnownFileType = sourcecode.swift; path = TasksView.swift; sourceTree = "<group>"; };
		F28BCCF12B0AA2DC003E750C /* SmallAddButton.swift */ = {isa = PBXFileReference; lastKnownFileType = sourcecode.swift; path = SmallAddButton.swift; sourceTree = "<group>"; };
		F28BCCF32B0AA2F6003E750C /* TaskRow.swift */ = {isa = PBXFileReference; lastKnownFileType = sourcecode.swift; path = TaskRow.swift; sourceTree = "<group>"; };
		F28BCCF52B0AA372003E750C /* Extensions.swift */ = {isa = PBXFileReference; lastKnownFileType = sourcecode.swift; path = Extensions.swift; sourceTree = "<group>"; };
		F28BCCF72B0AA381003E750C /* RealmManager.swift */ = {isa = PBXFileReference; lastKnownFileType = sourcecode.swift; path = RealmManager.swift; sourceTree = "<group>"; };
		F28BCCF92B0AA393003E750C /* Task.swift */ = {isa = PBXFileReference; lastKnownFileType = sourcecode.swift; path = Task.swift; sourceTree = "<group>"; };
/* End PBXFileReference section */

/* Begin PBXFrameworksBuildPhase section */
		F28BCCD72B0AA051003E750C /* Frameworks */ = {
			isa = PBXFrameworksBuildPhase;
			buildActionMask = 2147483647;
			files = (
				F28BCCFF2B0AA3B3003E750C /* RealmSwift in Frameworks */,
				F28BCCFD2B0AA3B3003E750C /* Realm in Frameworks */,
			);
			runOnlyForDeploymentPostprocessing = 0;
		};
/* End PBXFrameworksBuildPhase section */

/* Begin PBXGroup section */
		F28BCCD12B0AA051003E750C = {
			isa = PBXGroup;
			children = (
				F28BCCDC2B0AA051003E750C /* todoapp3 */,
				F28BCCDB2B0AA051003E750C /* Products */,
			);
			sourceTree = "<group>";
		};
		F28BCCDB2B0AA051003E750C /* Products */ = {
			isa = PBXGroup;
			children = (
				F28BCCDA2B0AA051003E750C /* todoapp3.app */,
			);
			name = Products;
			sourceTree = "<group>";
		};
		F28BCCDC2B0AA051003E750C /* todoapp3 */ = {
			isa = PBXGroup;
			children = (
				F28BCCEC2B0AA1BC003E750C /* Views */,
				F28BCCEB2B0AA1B2003E750C /* Components */,
				F28BCCDD2B0AA051003E750C /* todoapp3App.swift */,
				F28BCCE12B0AA053003E750C /* Assets.xcassets */,
				F28BCCE32B0AA053003E750C /* Preview Content */,
				F28BCCF52B0AA372003E750C /* Extensions.swift */,
				F28BCCF72B0AA381003E750C /* RealmManager.swift */,
				F28BCCF92B0AA393003E750C /* Task.swift */,
			);
			path = todoapp3;
			sourceTree = "<group>";
		};
		F28BCCE32B0AA053003E750C /* Preview Content */ = {
			isa = PBXGroup;
			children = (
				F28BCCE42B0AA053003E750C /* Preview Assets.xcassets */,
			);
			path = "Preview Content";
			sourceTree = "<group>";
		};
		F28BCCEB2B0AA1B2003E750C /* Components */ = {
			isa = PBXGroup;
			children = (
				F28BCCF12B0AA2DC003E750C /* SmallAddButton.swift */,
				F28BCCF32B0AA2F6003E750C /* TaskRow.swift */,
			);
			path = Components;
			sourceTree = "<group>";
		};
		F28BCCEC2B0AA1BC003E750C /* Views */ = {
			isa = PBXGroup;
			children = (
				F28BCCDF2B0AA051003E750C /* ContentView.swift */,
				F28BCCED2B0AA286003E750C /* AddTaskView.swift */,
				F28BCCEF2B0AA293003E750C /* TasksView.swift */,
			);
			path = Views;
			sourceTree = "<group>";
		};
/* End PBXGroup section */

/* Begin PBXNativeTarget section */
		F28BCCD92B0AA051003E750C /* todoapp3 */ = {
			isa = PBXNativeTarget;
			buildConfigurationList = F28BCCE82B0AA053003E750C /* Build configuration list for PBXNativeTarget "todoapp3" */;
			buildPhases = (
				F28BCCD62B0AA051003E750C /* Sources */,
				F28BCCD72B0AA051003E750C /* Frameworks */,
				F28BCCD82B0AA051003E750C /* Resources */,
			);
			buildRules = (
			);
			dependencies = (
			);
			name = todoapp3;
			packageProductDependencies = (
				F28BCCFC2B0AA3B3003E750C /* Realm */,
				F28BCCFE2B0AA3B3003E750C /* RealmSwift */,
			);
			productName = todoapp3;
			productReference = F28BCCDA2B0AA051003E750C /* todoapp3.app */;
			productType = "com.apple.product-type.application";
		};
/* End PBXNativeTarget section */

/* Begin PBXProject section */
		F28BCCD22B0AA051003E750C /* Project object */ = {
			isa = PBXProject;
			attributes = {
				BuildIndependentTargetsInParallel = 1;
				LastSwiftUpdateCheck = 1500;
				LastUpgradeCheck = 1500;
				TargetAttributes = {
					F28BCCD92B0AA051003E750C = {
						CreatedOnToolsVersion = 15.0.1;
					};
				};
			};
			buildConfigurationList = F28BCCD52B0AA051003E750C /* Build configuration list for PBXProject "todoapp3" */;
			compatibilityVersion = "Xcode 14.0";
			developmentRegion = en;
			hasScannedForEncodings = 0;
			knownRegions = (
				en,
				Base,
			);
			mainGroup = F28BCCD12B0AA051003E750C;
			packageReferences = (
				F28BCCFB2B0AA3B3003E750C /* XCRemoteSwiftPackageReference "realm-swift" */,
			);
			productRefGroup = F28BCCDB2B0AA051003E750C /* Products */;
			projectDirPath = "";
			projectRoot = "";
			targets = (
				F28BCCD92B0AA051003E750C /* todoapp3 */,
			);
		};
/* End PBXProject section */

/* Begin PBXResourcesBuildPhase section */
		F28BCCD82B0AA051003E750C /* Resources */ = {
			isa = PBXResourcesBuildPhase;
			buildActionMask = 2147483647;
			files = (
				F28BCCE52B0AA053003E750C /* Preview Assets.xcassets in Resources */,
				F28BCCE22B0AA053003E750C /* Assets.xcassets in Resources */,
			);
			runOnlyForDeploymentPostprocessing = 0;
		};
/* End PBXResourcesBuildPhase section */

/* Begin PBXSourcesBuildPhase section */
		F28BCCD62B0AA051003E750C /* Sources */ = {
			isa = PBXSourcesBuildPhase;
			buildActionMask = 2147483647;
			files = (
				F28BCCEE2B0AA286003E750C /* AddTaskView.swift in Sources */,
				F28BCCF82B0AA381003E750C /* RealmManager.swift in Sources */,
				F28BCCE02B0AA051003E750C /* ContentView.swift in Sources */,
				F28BCCDE2B0AA051003E750C /* todoapp3App.swift in Sources */,
				F28BCCF42B0AA2F6003E750C /* TaskRow.swift in Sources */,
				F28BCCF22B0AA2DC003E750C /* SmallAddButton.swift in Sources */,
				F28BCCF02B0AA293003E750C /* TasksView.swift in Sources */,
				F28BCCFA2B0AA393003E750C /* Task.swift in Sources */,
				F28BCCF62B0AA372003E750C /* Extensions.swift in Sources */,
			);
			runOnlyForDeploymentPostprocessing = 0;
		};
/* End PBXSourcesBuildPhase section */

/* Begin XCBuildConfiguration section */
		F28BCCE62B0AA053003E750C /* Debug */ = {
			isa = XCBuildConfiguration;
			buildSettings = {
				ALWAYS_SEARCH_USER_PATHS = NO;
				ASSETCATALOG_COMPILER_GENERATE_SWIFT_ASSET_SYMBOL_EXTENSIONS = YES;
				CLANG_ANALYZER_NONNULL = YES;
				CLANG_ANALYZER_NUMBER_OBJECT_CONVERSION = YES_AGGRESSIVE;
				CLANG_CXX_LANGUAGE_STANDARD = "gnu++20";
				CLANG_ENABLE_MODULES = YES;
				CLANG_ENABLE_OBJC_ARC = YES;
				CLANG_ENABLE_OBJC_WEAK = YES;
				CLANG_WARN_BLOCK_CAPTURE_AUTORELEASING = YES;
				CLANG_WARN_BOOL_CONVERSION = YES;
				CLANG_WARN_COMMA = YES;
				CLANG_WARN_CONSTANT_CONVERSION = YES;
				CLANG_WARN_DEPRECATED_OBJC_IMPLEMENTATIONS = YES;
				CLANG_WARN_DIRECT_OBJC_ISA_USAGE = YES_ERROR;
				CLANG_WARN_DOCUMENTATION_COMMENTS = YES;
				CLANG_WARN_EMPTY_BODY = YES;
				CLANG_WARN_ENUM_CONVERSION = YES;
				CLANG_WARN_INFINITE_RECURSION = YES;
				CLANG_WARN_INT_CONVERSION = YES;
				CLANG_WARN_NON_LITERAL_NULL_CONVERSION = YES;
				CLANG_WARN_OBJC_IMPLICIT_RETAIN_SELF = YES;
				CLANG_WARN_OBJC_LITERAL_CONVERSION = YES;
				CLANG_WARN_OBJC_ROOT_CLASS = YES_ERROR;
				CLANG_WARN_QUOTED_INCLUDE_IN_FRAMEWORK_HEADER = YES;
				CLANG_WARN_RANGE_LOOP_ANALYSIS = YES;
				CLANG_WARN_STRICT_PROTOTYPES = YES;
				CLANG_WARN_SUSPICIOUS_MOVE = YES;
				CLANG_WARN_UNGUARDED_AVAILABILITY = YES_AGGRESSIVE;
				CLANG_WARN_UNREACHABLE_CODE = YES;
				CLANG_WARN__DUPLICATE_METHOD_MATCH = YES;
				COPY_PHASE_STRIP = NO;
				DEBUG_INFORMATION_FORMAT = dwarf;
				ENABLE_STRICT_OBJC_MSGSEND = YES;
				ENABLE_TESTABILITY = YES;
				ENABLE_USER_SCRIPT_SANDBOXING = YES;
				GCC_C_LANGUAGE_STANDARD = gnu17;
				GCC_DYNAMIC_NO_PIC = NO;
				GCC_NO_COMMON_BLOCKS = YES;
				GCC_OPTIMIZATION_LEVEL = 0;
				GCC_PREPROCESSOR_DEFINITIONS = (
					"DEBUG=1",
					"$(inherited)",
				);
				GCC_WARN_64_TO_32_BIT_CONVERSION = YES;
				GCC_WARN_ABOUT_RETURN_TYPE = YES_ERROR;
				GCC_WARN_UNDECLARED_SELECTOR = YES;
				GCC_WARN_UNINITIALIZED_AUTOS = YES_AGGRESSIVE;
				GCC_WARN_UNUSED_FUNCTION = YES;
				GCC_WARN_UNUSED_VARIABLE = YES;
				IPHONEOS_DEPLOYMENT_TARGET = 17.0;
				LOCALIZATION_PREFERS_STRING_CATALOGS = YES;
				MTL_ENABLE_DEBUG_INFO = INCLUDE_SOURCE;
				MTL_FAST_MATH = YES;
				ONLY_ACTIVE_ARCH = YES;
				SDKROOT = iphoneos;
				SWIFT_ACTIVE_COMPILATION_CONDITIONS = "DEBUG $(inherited)";
				SWIFT_OPTIMIZATION_LEVEL = "-Onone";
			};
			name = Debug;
		};
		F28BCCE72B0AA053003E750C /* Release */ = {
			isa = XCBuildConfiguration;
			buildSettings = {
				ALWAYS_SEARCH_USER_PATHS = NO;
				ASSETCATALOG_COMPILER_GENERATE_SWIFT_ASSET_SYMBOL_EXTENSIONS = YES;
				CLANG_ANALYZER_NONNULL = YES;
				CLANG_ANALYZER_NUMBER_OBJECT_CONVERSION = YES_AGGRESSIVE;
				CLANG_CXX_LANGUAGE_STANDARD = "gnu++20";
				CLANG_ENABLE_MODULES = YES;
				CLANG_ENABLE_OBJC_ARC = YES;
				CLANG_ENABLE_OBJC_WEAK = YES;
				CLANG_WARN_BLOCK_CAPTURE_AUTORELEASING = YES;
				CLANG_WARN_BOOL_CONVERSION = YES;
				CLANG_WARN_COMMA = YES;
				CLANG_WARN_CONSTANT_CONVERSION = YES;
				CLANG_WARN_DEPRECATED_OBJC_IMPLEMENTATIONS = YES;
				CLANG_WARN_DIRECT_OBJC_ISA_USAGE = YES_ERROR;
				CLANG_WARN_DOCUMENTATION_COMMENTS = YES;
				CLANG_WARN_EMPTY_BODY = YES;
				CLANG_WARN_ENUM_CONVERSION = YES;
				CLANG_WARN_INFINITE_RECURSION = YES;
				CLANG_WARN_INT_CONVERSION = YES;
				CLANG_WARN_NON_LITERAL_NULL_CONVERSION = YES;
				CLANG_WARN_OBJC_IMPLICIT_RETAIN_SELF = YES;
				CLANG_WARN_OBJC_LITERAL_CONVERSION = YES;
				CLANG_WARN_OBJC_ROOT_CLASS = YES_ERROR;
				CLANG_WARN_QUOTED_INCLUDE_IN_FRAMEWORK_HEADER = YES;
				CLANG_WARN_RANGE_LOOP_ANALYSIS = YES;
				CLANG_WARN_STRICT_PROTOTYPES = YES;
				CLANG_WARN_SUSPICIOUS_MOVE = YES;
				CLANG_WARN_UNGUARDED_AVAILABILITY = YES_AGGRESSIVE;
				CLANG_WARN_UNREACHABLE_CODE = YES;
				CLANG_WARN__DUPLICATE_METHOD_MATCH = YES;
				COPY_PHASE_STRIP = NO;
				DEBUG_INFORMATION_FORMAT = "dwarf-with-dsym";
				ENABLE_NS_ASSERTIONS = NO;
				ENABLE_STRICT_OBJC_MSGSEND = YES;
				ENABLE_USER_SCRIPT_SANDBOXING = YES;
				GCC_C_LANGUAGE_STANDARD = gnu17;
				GCC_NO_COMMON_BLOCKS = YES;
				GCC_WARN_64_TO_32_BIT_CONVERSION = YES;
				GCC_WARN_ABOUT_RETURN_TYPE = YES_ERROR;
				GCC_WARN_UNDECLARED_SELECTOR = YES;
				GCC_WARN_UNINITIALIZED_AUTOS = YES_AGGRESSIVE;
				GCC_WARN_UNUSED_FUNCTION = YES;
				GCC_WARN_UNUSED_VARIABLE = YES;
				IPHONEOS_DEPLOYMENT_TARGET = 17.0;
				LOCALIZATION_PREFERS_STRING_CATALOGS = YES;
				MTL_ENABLE_DEBUG_INFO = NO;
				MTL_FAST_MATH = YES;
				SDKROOT = iphoneos;
				SWIFT_COMPILATION_MODE = wholemodule;
				VALIDATE_PRODUCT = YES;
			};
			name = Release;
		};
		F28BCCE92B0AA053003E750C /* Debug */ = {
			isa = XCBuildConfiguration;
			buildSettings = {
				ASSETCATALOG_COMPILER_APPICON_NAME = AppIcon;
				ASSETCATALOG_COMPILER_GLOBAL_ACCENT_COLOR_NAME = AccentColor;
				CODE_SIGN_STYLE = Automatic;
				CURRENT_PROJECT_VERSION = 1;
				DEVELOPMENT_ASSET_PATHS = "\"todoapp3/Preview Content\"";
				ENABLE_PREVIEWS = YES;
				GENERATE_INFOPLIST_FILE = YES;
				INFOPLIST_KEY_UIApplicationSceneManifest_Generation = YES;
				INFOPLIST_KEY_UIApplicationSupportsIndirectInputEvents = YES;
				INFOPLIST_KEY_UILaunchScreen_Generation = YES;
				INFOPLIST_KEY_UISupportedInterfaceOrientations_iPad = "UIInterfaceOrientationPortrait UIInterfaceOrientationPortraitUpsideDown UIInterfaceOrientationLandscapeLeft UIInterfaceOrientationLandscapeRight";
				INFOPLIST_KEY_UISupportedInterfaceOrientations_iPhone = "UIInterfaceOrientationPortrait UIInterfaceOrientationLandscapeLeft UIInterfaceOrientationLandscapeRight";
				LD_RUNPATH_SEARCH_PATHS = (
					"$(inherited)",
					"@executable_path/Frameworks",
				);
				MARKETING_VERSION = 1.0;
				PRODUCT_BUNDLE_IDENTIFIER = io.rsz967.todoapp3;
				PRODUCT_NAME = "$(TARGET_NAME)";
				SWIFT_EMIT_LOC_STRINGS = YES;
				SWIFT_VERSION = 5.0;
				TARGETED_DEVICE_FAMILY = "1,2";
			};
			name = Debug;
		};
		F28BCCEA2B0AA053003E750C /* Release */ = {
			isa = XCBuildConfiguration;
			buildSettings = {
				ASSETCATALOG_COMPILER_APPICON_NAME = AppIcon;
				ASSETCATALOG_COMPILER_GLOBAL_ACCENT_COLOR_NAME = AccentColor;
				CODE_SIGN_STYLE = Automatic;
				CURRENT_PROJECT_VERSION = 1;
				DEVELOPMENT_ASSET_PATHS = "\"todoapp3/Preview Content\"";
				ENABLE_PREVIEWS = YES;
				GENERATE_INFOPLIST_FILE = YES;
				INFOPLIST_KEY_UIApplicationSceneManifest_Generation = YES;
				INFOPLIST_KEY_UIApplicationSupportsIndirectInputEvents = YES;
				INFOPLIST_KEY_UILaunchScreen_Generation = YES;
				INFOPLIST_KEY_UISupportedInterfaceOrientations_iPad = "UIInterfaceOrientationPortrait UIInterfaceOrientationPortraitUpsideDown UIInterfaceOrientationLandscapeLeft UIInterfaceOrientationLandscapeRight";
				INFOPLIST_KEY_UISupportedInterfaceOrientations_iPhone = "UIInterfaceOrientationPortrait UIInterfaceOrientationLandscapeLeft UIInterfaceOrientationLandscapeRight";
				LD_RUNPATH_SEARCH_PATHS = (
					"$(inherited)",
					"@executable_path/Frameworks",
				);
				MARKETING_VERSION = 1.0;
				PRODUCT_BUNDLE_IDENTIFIER = io.rsz967.todoapp3;
				PRODUCT_NAME = "$(TARGET_NAME)";
				SWIFT_EMIT_LOC_STRINGS = YES;
				SWIFT_VERSION = 5.0;
				TARGETED_DEVICE_FAMILY = "1,2";
			};
			name = Release;
		};
/* End XCBuildConfiguration section */

/* Begin XCConfigurationList section */
		F28BCCD52B0AA051003E750C /* Build configuration list for PBXProject "todoapp3" */ = {
			isa = XCConfigurationList;
			buildConfigurations = (
				F28BCCE62B0AA053003E750C /* Debug */,
				F28BCCE72B0AA053003E750C /* Release */,
			);
			defaultConfigurationIsVisible = 0;
			defaultConfigurationName = Release;
		};
		F28BCCE82B0AA053003E750C /* Build configuration list for PBXNativeTarget "todoapp3" */ = {
			isa = XCConfigurationList;
			buildConfigurations = (
				F28BCCE92B0AA053003E750C /* Debug */,
				F28BCCEA2B0AA053003E750C /* Release */,
			);
			defaultConfigurationIsVisible = 0;
			defaultConfigurationName = Release;
		};
/* End XCConfigurationList section */

/* Begin XCRemoteSwiftPackageReference section */
		F28BCCFB2B0AA3B3003E750C /* XCRemoteSwiftPackageReference "realm-swift" */ = {
			isa = XCRemoteSwiftPackageReference;
			repositoryURL = "https://github.com/realm/realm-swift";
			requirement = {
				kind = upToNextMajorVersion;
				minimumVersion = 10.10.0;
			};
		};
/* End XCRemoteSwiftPackageReference section */

/* Begin XCSwiftPackageProductDependency section */
		F28BCCFC2B0AA3B3003E750C /* Realm */ = {
			isa = XCSwiftPackageProductDependency;
			package = F28BCCFB2B0AA3B3003E750C /* XCRemoteSwiftPackageReference "realm-swift" */;
			productName = Realm;
		};
		F28BCCFE2B0AA3B3003E750C /* RealmSwift */ = {
			isa = XCSwiftPackageProductDependency;
			package = F28BCCFB2B0AA3B3003E750C /* XCRemoteSwiftPackageReference "realm-swift" */;
			productName = RealmSwift;
		};
/* End XCSwiftPackageProductDependency section */
	};
	rootObject = F28BCCD22B0AA051003E750C /* Project object */;
}
